
Microsoft Visual Studio Solution File, Format Version 12.00
# Visual Studio Version 17
VisualStudioVersion = 17.13.35825.156 d17.13
MinimumVisualStudioVersion = 10.0.40219.1
Project("{FAE04EC0-301F-11D3-BF4B-00C04F79EFBC}") = "CorridaDados", "CorridaDados\CorridaDados.csproj", "{EE657BC8-751C-4D5E-9770-3FF7E04439BD}"
EndProject
Global
	GlobalSection(SolutionConfigurationPlatforms) = preSolution
		Debug|Any CPU = Debug|Any CPU
		Release|Any CPU = Release|Any CPU
	EndGlobalSection
	GlobalSection(ProjectConfigurationPlatforms) = postSolution
		{EE657BC8-751C-4D5E-9770-3FF7E04439BD}.Debug|Any CPU.ActiveCfg = Debug|Any CPU
		{EE657BC8-751C-4D5E-9770-3FF7E04439BD}.Debug|Any CPU.Build.0 = Debug|Any CPU
		{EE657BC8-751C-4D5E-9770-3FF7E04439BD}.Release|Any CPU.ActiveCfg = Release|Any CPU
		{EE657BC8-751C-4D5E-9770-3FF7E04439BD}.Release|Any CPU.Build.0 = Release|Any CPU
	EndGlobalSection
	GlobalSection(SolutionProperties) = preSolution
		HideSolutionNode = FALSE
	EndGlobalSection
	GlobalSection(ExtensibilityGlobals) = postSolution
		SolutionGuid = {F28B15C5-FE99-415A-811D-43F1B946BCAE}
	EndGlobalSection
EndGlobal
